{
  "name": "mblogin",
  "version": "1.0.0",
  "lockfileVersion": 1,
  "requires": true,
  "dependencies": {
    "swan-server-sdk": {
      "version": "0.0.6",
      "resolved": "https://registry.npmjs.org/swan-server-sdk/-/swan-server-sdk-0.0.6.tgz",
      "integrity": "sha512-WGQhEJEZJpvqt5wxHiVnvAxQ5vOkaJHyF4M6q7/NUa13Gl1Coda/b0JC7AmUe40gJk8G/pU78HClPM3K07I4Sw=="
    }
  }
}
